
Microsoft Visual Studio Solution File, Format Version 12.00
# Visual Studio Version 17
VisualStudioVersion = 17.0.32112.339
MinimumVisualStudioVersion = 10.0.40219.1
Project("{9A19103F-16F7-4668-BE54-9A1E7A4F7556}") = "Projekt1_Kravchenko58603", "Projekt1_Kravchenko58603.csproj", "{9E6FA91E-D24A-4FDE-AC3D-3BCC31FBCEFF}"
EndProject
Global
	GlobalSection(SolutionConfigurationPlatforms) = preSolution
		Debug|Any CPU = Debug|Any CPU
		Release|Any CPU = Release|Any CPU
	EndGlobalSection
	GlobalSection(ProjectConfigurationPlatforms) = postSolution
		{9E6FA91E-D24A-4FDE-AC3D-3BCC31FBCEFF}.Debug|Any CPU.ActiveCfg = Debug|Any CPU
		{9E6FA91E-D24A-4FDE-AC3D-3BCC31FBCEFF}.Debug|Any CPU.Build.0 = Debug|Any CPU
		{9E6FA91E-D24A-4FDE-AC3D-3BCC31FBCEFF}.Release|Any CPU.ActiveCfg = Release|Any CPU
		{9E6FA91E-D24A-4FDE-AC3D-3BCC31FBCEFF}.Release|Any CPU.Build.0 = Release|Any CPU
	EndGlobalSection
	GlobalSection(SolutionProperties) = preSolution
		HideSolutionNode = FALSE
	EndGlobalSection
	GlobalSection(ExtensibilityGlobals) = postSolution
		SolutionGuid = {8D678EB0-EF4A-4177-A809-37B14949F6BC}
	EndGlobalSection
EndGlobal
